// !$*UTF8*$!
{
	archiveVersion = 1;
	classes = {
	};
	objectVersion = 50;
	objects = {

/* Begin PBXBuildFile section */
		36426FCF2586395E009A8998 /* AppDelegate.swift in Sources */ = {isa = PBXBuildFile; fileRef = 36426FCE2586395E009A8998 /* AppDelegate.swift */; };
		36426FD12586395E009A8998 /* SceneDelegate.swift in Sources */ = {isa = PBXBuildFile; fileRef = 36426FD02586395E009A8998 /* SceneDelegate.swift */; };
		36426FD32586395E009A8998 /* ViewController.swift in Sources */ = {isa = PBXBuildFile; fileRef = 36426FD22586395E009A8998 /* ViewController.swift */; };
		36426FD62586395E009A8998 /* Main.storyboard in Resources */ = {isa = PBXBuildFile; fileRef = 36426FD42586395E009A8998 /* Main.storyboard */; };
		36426FD825863960009A8998 /* Assets.xcassets in Resources */ = {isa = PBXBuildFile; fileRef = 36426FD725863960009A8998 /* Assets.xcassets */; };
		36426FDB25863960009A8998 /* LaunchScreen.storyboard in Resources */ = {isa = PBXBuildFile; fileRef = 36426FD925863960009A8998 /* LaunchScreen.storyboard */; };
		3655F21B258E3AD8007C79C2 /* SaturationLayer.swift in Sources */ = {isa = PBXBuildFile; fileRef = 3655F21A258E3AD8007C79C2 /* SaturationLayer.swift */; };
		3655F21E258E3B7E007C79C2 /* BrightnessLayer.swift in Sources */ = {isa = PBXBuildFile; fileRef = 3655F21D258E3B7E007C79C2 /* BrightnessLayer.swift */; };
		36978938258853C2008B4650 /* SaturationBrightnessPickerView.swift in Sources */ = {isa = PBXBuildFile; fileRef = 36978937258853C2008B4650 /* SaturationBrightnessPickerView.swift */; };
		3697893B25886485008B4650 /* HuePickerView.swift in Sources */ = {isa = PBXBuildFile; fileRef = 3697893A25886485008B4650 /* HuePickerView.swift */; };
		369E6585258B7CC500E796AD /* CGRect.swift in Sources */ = {isa = PBXBuildFile; fileRef = 369E6584258B7CC500E796AD /* CGRect.swift */; };
		369E6589258B7DA000E796AD /* CGVector.swift in Sources */ = {isa = PBXBuildFile; fileRef = 369E6588258B7DA000E796AD /* CGVector.swift */; };
		369E6594258B8D1400E796AD /* UIGestureRecognizer.swift in Sources */ = {isa = PBXBuildFile; fileRef = 369E6593258B8D1400E796AD /* UIGestureRecognizer.swift */; };
		36EB4BCC25909AEB0069CB0E /* CGFloat.swift in Sources */ = {isa = PBXBuildFile; fileRef = 36EB4BCB25909AEB0069CB0E /* CGFloat.swift */; };
		36EB4BCF2590A5FC0069CB0E /* HueLayer.swift in Sources */ = {isa = PBXBuildFile; fileRef = 36EB4BCE2590A5FC0069CB0E /* HueLayer.swift */; };
		36EB4BD22590A95C0069CB0E /* CGPoint.swift in Sources */ = {isa = PBXBuildFile; fileRef = 36EB4BD12590A95C0069CB0E /* CGPoint.swift */; };
		36EB4BD52590CB2A0069CB0E /* CALayer.swift in Sources */ = {isa = PBXBuildFile; fileRef = 36EB4BD42590CB2A0069CB0E /* CALayer.swift */; };
		36FDAFF2258DB0DE005F6B5D /* ColourPickerView.swift in Sources */ = {isa = PBXBuildFile; fileRef = 36FDAFF1258DB0DE005F6B5D /* ColourPickerView.swift */; };
		36FDAFF7258DB29C005F6B5D /* HueGradientLayer.swift in Sources */ = {isa = PBXBuildFile; fileRef = 36FDAFF6258DB29C005F6B5D /* HueGradientLayer.swift */; };
		36FDAFFC258DB9D7005F6B5D /* SubLayer.swift in Sources */ = {isa = PBXBuildFile; fileRef = 36FDAFFB258DB9D7005F6B5D /* SubLayer.swift */; };
		36FDB000258DBA03005F6B5D /* ThumbLayer.swift in Sources */ = {isa = PBXBuildFile; fileRef = 36FDAFFF258DBA03005F6B5D /* ThumbLayer.swift */; };
/* End PBXBuildFile section */

/* Begin PBXFileReference section */
		36426FCB2586395E009A8998 /* ColourPicker.app */ = {isa = PBXFileReference; explicitFileType = wrapper.application; includeInIndex = 0; path = ColourPicker.app; sourceTree = BUILT_PRODUCTS_DIR; };
		36426FCE2586395E009A8998 /* AppDelegate.swift */ = {isa = PBXFileReference; lastKnownFileType = sourcecode.swift; path = AppDelegate.swift; sourceTree = "<group>"; };
		36426FD02586395E009A8998 /* SceneDelegate.swift */ = {isa = PBXFileReference; lastKnownFileType = sourcecode.swift; path = SceneDelegate.swift; sourceTree = "<group>"; };
		36426FD22586395E009A8998 /* ViewController.swift */ = {isa = PBXFileReference; lastKnownFileType = sourcecode.swift; path = ViewController.swift; sourceTree = "<group>"; };
		36426FD52586395E009A8998 /* Base */ = {isa = PBXFileReference; lastKnownFileType = file.storyboard; name = Base; path = Base.lproj/Main.storyboard; sourceTree = "<group>"; };
		36426FD725863960009A8998 /* Assets.xcassets */ = {isa = PBXFileReference; lastKnownFileType = folder.assetcatalog; path = Assets.xcassets; sourceTree = "<group>"; };
		36426FDA25863960009A8998 /* Base */ = {isa = PBXFileReference; lastKnownFileType = file.storyboard; name = Base; path = Base.lproj/LaunchScreen.storyboard; sourceTree = "<group>"; };
		36426FDC25863960009A8998 /* Info.plist */ = {isa = PBXFileReference; lastKnownFileType = text.plist.xml; path = Info.plist; sourceTree = "<group>"; };
		3655F21A258E3AD8007C79C2 /* SaturationLayer.swift */ = {isa = PBXFileReference; lastKnownFileType = sourcecode.swift; path = SaturationLayer.swift; sourceTree = "<group>"; };
		3655F21D258E3B7E007C79C2 /* BrightnessLayer.swift */ = {isa = PBXFileReference; lastKnownFileType = sourcecode.swift; path = BrightnessLayer.swift; sourceTree = "<group>"; };
		36978937258853C2008B4650 /* SaturationBrightnessPickerView.swift */ = {isa = PBXFileReference; lastKnownFileType = sourcecode.swift; path = SaturationBrightnessPickerView.swift; sourceTree = "<group>"; };
		3697893A25886485008B4650 /* HuePickerView.swift */ = {isa = PBXFileReference; lastKnownFileType = sourcecode.swift; path = HuePickerView.swift; sourceTree = "<group>"; };
		369E6584258B7CC500E796AD /* CGRect.swift */ = {isa = PBXFileReference; lastKnownFileType = sourcecode.swift; path = CGRect.swift; sourceTree = "<group>"; };
		369E6588258B7DA000E796AD /* CGVector.swift */ = {isa = PBXFileReference; lastKnownFileType = sourcecode.swift; path = CGVector.swift; sourceTree = "<group>"; };
		369E6593258B8D1400E796AD /* UIGestureRecognizer.swift */ = {isa = PBXFileReference; lastKnownFileType = sourcecode.swift; path = UIGestureRecognizer.swift; sourceTree = "<group>"; };
		36EB4BCB25909AEB0069CB0E /* CGFloat.swift */ = {isa = PBXFileReference; lastKnownFileType = sourcecode.swift; path = CGFloat.swift; sourceTree = "<group>"; };
		36EB4BCE2590A5FC0069CB0E /* HueLayer.swift */ = {isa = PBXFileReference; lastKnownFileType = sourcecode.swift; path = HueLayer.swift; sourceTree = "<group>"; };
		36EB4BD12590A95C0069CB0E /* CGPoint.swift */ = {isa = PBXFileReference; lastKnownFileType = sourcecode.swift; path = CGPoint.swift; sourceTree = "<group>"; };
		36EB4BD42590CB2A0069CB0E /* CALayer.swift */ = {isa = PBXFileReference; lastKnownFileType = sourcecode.swift; path = CALayer.swift; sourceTree = "<group>"; };
		36FDAFF1258DB0DE005F6B5D /* ColourPickerView.swift */ = {isa = PBXFileReference; lastKnownFileType = sourcecode.swift; path = ColourPickerView.swift; sourceTree = "<group>"; };
		36FDAFF6258DB29C005F6B5D /* HueGradientLayer.swift */ = {isa = PBXFileReference; lastKnownFileType = sourcecode.swift; path = HueGradientLayer.swift; sourceTree = "<group>"; };
		36FDAFFB258DB9D7005F6B5D /* SubLayer.swift */ = {isa = PBXFileReference; lastKnownFileType = sourcecode.swift; path = SubLayer.swift; sourceTree = "<group>"; };
		36FDAFFF258DBA03005F6B5D /* ThumbLayer.swift */ = {isa = PBXFileReference; lastKnownFileType = sourcecode.swift; path = ThumbLayer.swift; sourceTree = "<group>"; };
/* End PBXFileReference section */

/* Begin PBXFrameworksBuildPhase section */
		36426FC82586395E009A8998 /* Frameworks */ = {
			isa = PBXFrameworksBuildPhase;
			buildActionMask = 2147483647;
			files = (
			);
			runOnlyForDeploymentPostprocessing = 0;
		};
/* End PBXFrameworksBuildPhase section */

/* Begin PBXGroup section */
		36426FC22586395E009A8998 = {
			isa = PBXGroup;
			children = (
				36426FCD2586395E009A8998 /* ColourPicker */,
				36426FCC2586395E009A8998 /* Products */,
			);
			sourceTree = "<group>";
		};
		36426FCC2586395E009A8998 /* Products */ = {
			isa = PBXGroup;
			children = (
				36426FCB2586395E009A8998 /* ColourPicker.app */,
			);
			name = Products;
			sourceTree = "<group>";
		};
		36426FCD2586395E009A8998 /* ColourPicker */ = {
			isa = PBXGroup;
			children = (
				369E6583258B7CBB00E796AD /* Extensions */,
				36FDAFF4258DB207005F6B5D /* ColourPickerView */,
				36426FCE2586395E009A8998 /* AppDelegate.swift */,
				36426FD02586395E009A8998 /* SceneDelegate.swift */,
				36426FD22586395E009A8998 /* ViewController.swift */,
				36426FD42586395E009A8998 /* Main.storyboard */,
				36426FD725863960009A8998 /* Assets.xcassets */,
				36426FD925863960009A8998 /* LaunchScreen.storyboard */,
				36426FDC25863960009A8998 /* Info.plist */,
			);
			path = ColourPicker;
			sourceTree = "<group>";
		};
		369E6583258B7CBB00E796AD /* Extensions */ = {
			isa = PBXGroup;
			children = (
				369E6584258B7CC500E796AD /* CGRect.swift */,
				36EB4BCB25909AEB0069CB0E /* CGFloat.swift */,
				369E6588258B7DA000E796AD /* CGVector.swift */,
				369E6593258B8D1400E796AD /* UIGestureRecognizer.swift */,
				36EB4BD12590A95C0069CB0E /* CGPoint.swift */,
				36EB4BD42590CB2A0069CB0E /* CALayer.swift */,
			);
			path = Extensions;
			sourceTree = "<group>";
		};
		36FDAFF4258DB207005F6B5D /* ColourPickerView */ = {
			isa = PBXGroup;
			children = (
				36FDAFFA258DB9C9005F6B5D /* Layers */,
				36FDAFF1258DB0DE005F6B5D /* ColourPickerView.swift */,
				36978937258853C2008B4650 /* SaturationBrightnessPickerView.swift */,
				3697893A25886485008B4650 /* HuePickerView.swift */,
			);
			path = ColourPickerView;
			sourceTree = "<group>";
		};
		36FDAFFA258DB9C9005F6B5D /* Layers */ = {
			isa = PBXGroup;
			children = (
				36FDAFF6258DB29C005F6B5D /* HueGradientLayer.swift */,
				36FDAFFF258DBA03005F6B5D /* ThumbLayer.swift */,
				36FDAFFB258DB9D7005F6B5D /* SubLayer.swift */,
				3655F21A258E3AD8007C79C2 /* SaturationLayer.swift */,
				36EB4BCE2590A5FC0069CB0E /* HueLayer.swift */,
				3655F21D258E3B7E007C79C2 /* BrightnessLayer.swift */,
			);
			path = Layers;
			sourceTree = "<group>";
		};
/* End PBXGroup section */

/* Begin PBXNativeTarget section */
		36426FCA2586395E009A8998 /* ColourPicker */ = {
			isa = PBXNativeTarget;
			buildConfigurationList = 36426FDF25863960009A8998 /* Build configuration list for PBXNativeTarget "ColourPicker" */;
			buildPhases = (
				36426FC72586395E009A8998 /* Sources */,
				36426FC82586395E009A8998 /* Frameworks */,
				36426FC92586395E009A8998 /* Resources */,
			);
			buildRules = (
			);
			dependencies = (
			);
			name = ColourPicker;
			productName = ColourPicker;
			productReference = 36426FCB2586395E009A8998 /* ColourPicker.app */;
			productType = "com.apple.product-type.application";
		};
/* End PBXNativeTarget section */

/* Begin PBXProject section */
		36426FC32586395E009A8998 /* Project object */ = {
			isa = PBXProject;
			attributes = {
				LastSwiftUpdateCheck = 1220;
				LastUpgradeCheck = 1220;
				TargetAttributes = {
					36426FCA2586395E009A8998 = {
						CreatedOnToolsVersion = 12.2;
					};
				};
			};
			buildConfigurationList = 36426FC62586395E009A8998 /* Build configuration list for PBXProject "ColourPicker" */;
			compatibilityVersion = "Xcode 9.3";
			developmentRegion = en;
			hasScannedForEncodings = 0;
			knownRegions = (
				en,
				Base,
			);
			mainGroup = 36426FC22586395E009A8998;
			productRefGroup = 36426FCC2586395E009A8998 /* Products */;
			projectDirPath = "";
			projectRoot = "";
			targets = (
				36426FCA2586395E009A8998 /* ColourPicker */,
			);
		};
/* End PBXProject section */

/* Begin PBXResourcesBuildPhase section */
		36426FC92586395E009A8998 /* Resources */ = {
			isa = PBXResourcesBuildPhase;
			buildActionMask = 2147483647;
			files = (
				36426FDB25863960009A8998 /* LaunchScreen.storyboard in Resources */,
				36426FD825863960009A8998 /* Assets.xcassets in Resources */,
				36426FD62586395E009A8998 /* Main.storyboard in Resources */,
			);
			runOnlyForDeploymentPostprocessing = 0;
		};
/* End PBXResourcesBuildPhase section */

/* Begin PBXSourcesBuildPhase section */
		36426FC72586395E009A8998 /* Sources */ = {
			isa = PBXSourcesBuildPhase;
			buildActionMask = 2147483647;
			files = (
				36EB4BCC25909AEB0069CB0E /* CGFloat.swift in Sources */,
				3697893B25886485008B4650 /* HuePickerView.swift in Sources */,
				369E6594258B8D1400E796AD /* UIGestureRecognizer.swift in Sources */,
				369E6585258B7CC500E796AD /* CGRect.swift in Sources */,
				369E6589258B7DA000E796AD /* CGVector.swift in Sources */,
				36426FD32586395E009A8998 /* ViewController.swift in Sources */,
				36FDAFF7258DB29C005F6B5D /* HueGradientLayer.swift in Sources */,
				36426FCF2586395E009A8998 /* AppDelegate.swift in Sources */,
				36EB4BCF2590A5FC0069CB0E /* HueLayer.swift in Sources */,
				3655F21B258E3AD8007C79C2 /* SaturationLayer.swift in Sources */,
				3655F21E258E3B7E007C79C2 /* BrightnessLayer.swift in Sources */,
				36426FD12586395E009A8998 /* SceneDelegate.swift in Sources */,
				36FDB000258DBA03005F6B5D /* ThumbLayer.swift in Sources */,
				36EB4BD22590A95C0069CB0E /* CGPoint.swift in Sources */,
				36FDAFFC258DB9D7005F6B5D /* SubLayer.swift in Sources */,
				36EB4BD52590CB2A0069CB0E /* CALayer.swift in Sources */,
				36FDAFF2258DB0DE005F6B5D /* ColourPickerView.swift in Sources */,
				36978938258853C2008B4650 /* SaturationBrightnessPickerView.swift in Sources */,
			);
			runOnlyForDeploymentPostprocessing = 0;
		};
/* End PBXSourcesBuildPhase section */

/* Begin PBXVariantGroup section */
		36426FD42586395E009A8998 /* Main.storyboard */ = {
			isa = PBXVariantGroup;
			children = (
				36426FD52586395E009A8998 /* Base */,
			);
			name = Main.storyboard;
			sourceTree = "<group>";
		};
		36426FD925863960009A8998 /* LaunchScreen.storyboard */ = {
			isa = PBXVariantGroup;
			children = (
				36426FDA25863960009A8998 /* Base */,
			);
			name = LaunchScreen.storyboard;
			sourceTree = "<group>";
		};
/* End PBXVariantGroup section */

/* Begin XCBuildConfiguration section */
		36426FDD25863960009A8998 /* Debug */ = {
			isa = XCBuildConfiguration;
			buildSettings = {
				ALWAYS_SEARCH_USER_PATHS = NO;
				CLANG_ANALYZER_NONNULL = YES;
				CLANG_ANALYZER_NUMBER_OBJECT_CONVERSION = YES_AGGRESSIVE;
				CLANG_CXX_LANGUAGE_STANDARD = "gnu++14";
				CLANG_CXX_LIBRARY = "libc++";
				CLANG_ENABLE_MODULES = YES;
				CLANG_ENABLE_OBJC_ARC = YES;
				CLANG_ENABLE_OBJC_WEAK = YES;
				CLANG_WARN_BLOCK_CAPTURE_AUTORELEASING = YES;
				CLANG_WARN_BOOL_CONVERSION = YES;
				CLANG_WARN_COMMA = YES;
				CLANG_WARN_CONSTANT_CONVERSION = YES;
				CLANG_WARN_DEPRECATED_OBJC_IMPLEMENTATIONS = YES;
				CLANG_WARN_DIRECT_OBJC_ISA_USAGE = YES_ERROR;
				CLANG_WARN_DOCUMENTATION_COMMENTS = YES;
				CLANG_WARN_EMPTY_BODY = YES;
				CLANG_WARN_ENUM_CONVERSION = YES;
				CLANG_WARN_INFINITE_RECURSION = YES;
				CLANG_WARN_INT_CONVERSION = YES;
				CLANG_WARN_NON_LITERAL_NULL_CONVERSION = YES;
				CLANG_WARN_OBJC_IMPLICIT_RETAIN_SELF = YES;
				CLANG_WARN_OBJC_LITERAL_CONVERSION = YES;
				CLANG_WARN_OBJC_ROOT_CLASS = YES_ERROR;
				CLANG_WARN_QUOTED_INCLUDE_IN_FRAMEWORK_HEADER = YES;
				CLANG_WARN_RANGE_LOOP_ANALYSIS = YES;
				CLANG_WARN_STRICT_PROTOTYPES = YES;
				CLANG_WARN_SUSPICIOUS_MOVE = YES;
				CLANG_WARN_UNGUARDED_AVAILABILITY = YES_AGGRESSIVE;
				CLANG_WARN_UNREACHABLE_CODE = YES;
				CLANG_WARN__DUPLICATE_METHOD_MATCH = YES;
				COPY_PHASE_STRIP = NO;
				DEBUG_INFORMATION_FORMAT = dwarf;
				ENABLE_STRICT_OBJC_MSGSEND = YES;
				ENABLE_TESTABILITY = YES;
				GCC_C_LANGUAGE_STANDARD = gnu11;
				GCC_DYNAMIC_NO_PIC = NO;
				GCC_NO_COMMON_BLOCKS = YES;
				GCC_OPTIMIZATION_LEVEL = 0;
				GCC_PREPROCESSOR_DEFINITIONS = (
					"DEBUG=1",
					"$(inherited)",
				);
				GCC_WARN_64_TO_32_BIT_CONVERSION = YES;
				GCC_WARN_ABOUT_RETURN_TYPE = YES_ERROR;
				GCC_WARN_UNDECLARED_SELECTOR = YES;
				GCC_WARN_UNINITIALIZED_AUTOS = YES_AGGRESSIVE;
				GCC_WARN_UNUSED_FUNCTION = YES;
				GCC_WARN_UNUSED_VARIABLE = YES;
				IPHONEOS_DEPLOYMENT_TARGET = 14.2;
				MTL_ENABLE_DEBUG_INFO = INCLUDE_SOURCE;
				MTL_FAST_MATH = YES;
				ONLY_ACTIVE_ARCH = YES;
				SDKROOT = iphoneos;
				SWIFT_ACTIVE_COMPILATION_CONDITIONS = DEBUG;
				SWIFT_OPTIMIZATION_LEVEL = "-Onone";
			};
			name = Debug;
		};
		36426FDE25863960009A8998 /* Release */ = {
			isa = XCBuildConfiguration;
			buildSettings = {
				ALWAYS_SEARCH_USER_PATHS = NO;
				CLANG_ANALYZER_NONNULL = YES;
				CLANG_ANALYZER_NUMBER_OBJECT_CONVERSION = YES_AGGRESSIVE;
				CLANG_CXX_LANGUAGE_STANDARD = "gnu++14";
				CLANG_CXX_LIBRARY = "libc++";
				CLANG_ENABLE_MODULES = YES;
				CLANG_ENABLE_OBJC_ARC = YES;
				CLANG_ENABLE_OBJC_WEAK = YES;
				CLANG_WARN_BLOCK_CAPTURE_AUTORELEASING = YES;
				CLANG_WARN_BOOL_CONVERSION = YES;
				CLANG_WARN_COMMA = YES;
				CLANG_WARN_CONSTANT_CONVERSION = YES;
				CLANG_WARN_DEPRECATED_OBJC_IMPLEMENTATIONS = YES;
				CLANG_WARN_DIRECT_OBJC_ISA_USAGE = YES_ERROR;
				CLANG_WARN_DOCUMENTATION_COMMENTS = YES;
				CLANG_WARN_EMPTY_BODY = YES;
				CLANG_WARN_ENUM_CONVERSION = YES;
				CLANG_WARN_INFINITE_RECURSION = YES;
				CLANG_WARN_INT_CONVERSION = YES;
				CLANG_WARN_NON_LITERAL_NULL_CONVERSION = YES;
				CLANG_WARN_OBJC_IMPLICIT_RETAIN_SELF = YES;
				CLANG_WARN_OBJC_LITERAL_CONVERSION = YES;
				CLANG_WARN_OBJC_ROOT_CLASS = YES_ERROR;
				CLANG_WARN_QUOTED_INCLUDE_IN_FRAMEWORK_HEADER = YES;
				CLANG_WARN_RANGE_LOOP_ANALYSIS = YES;
				CLANG_WARN_STRICT_PROTOTYPES = YES;
				CLANG_WARN_SUSPICIOUS_MOVE = YES;
				CLANG_WARN_UNGUARDED_AVAILABILITY = YES_AGGRESSIVE;
				CLANG_WARN_UNREACHABLE_CODE = YES;
				CLANG_WARN__DUPLICATE_METHOD_MATCH = YES;
				COPY_PHASE_STRIP = NO;
				DEBUG_INFORMATION_FORMAT = "dwarf-with-dsym";
				ENABLE_NS_ASSERTIONS = NO;
				ENABLE_STRICT_OBJC_MSGSEND = YES;
				GCC_C_LANGUAGE_STANDARD = gnu11;
				GCC_NO_COMMON_BLOCKS = YES;
				GCC_WARN_64_TO_32_BIT_CONVERSION = YES;
				GCC_WARN_ABOUT_RETURN_TYPE = YES_ERROR;
				GCC_WARN_UNDECLARED_SELECTOR = YES;
				GCC_WARN_UNINITIALIZED_AUTOS = YES_AGGRESSIVE;
				GCC_WARN_UNUSED_FUNCTION = YES;
				GCC_WARN_UNUSED_VARIABLE = YES;
				IPHONEOS_DEPLOYMENT_TARGET = 14.2;
				MTL_ENABLE_DEBUG_INFO = NO;
				MTL_FAST_MATH = YES;
				SDKROOT = iphoneos;
				SWIFT_COMPILATION_MODE = wholemodule;
				SWIFT_OPTIMIZATION_LEVEL = "-O";
				VALIDATE_PRODUCT = YES;
			};
			name = Release;
		};
		36426FE025863960009A8998 /* Debug */ = {
			isa = XCBuildConfiguration;
			buildSettings = {
				ASSETCATALOG_COMPILER_APPICON_NAME = AppIcon;
				ASSETCATALOG_COMPILER_GLOBAL_ACCENT_COLOR_NAME = AccentColor;
				CODE_SIGN_STYLE = Automatic;
				DEVELOPMENT_TEAM = 8WGCQ8UZTW;
				INFOPLIST_FILE = ColourPicker/Info.plist;
				LD_RUNPATH_SEARCH_PATHS = (
					"$(inherited)",
					"@executable_path/Frameworks",
				);
				PRODUCT_BUNDLE_IDENTIFIER = com.maxbucknell.ColourPicker;
				PRODUCT_NAME = "$(TARGET_NAME)";
				SWIFT_VERSION = 5.0;
				TARGETED_DEVICE_FAMILY = "1,2";
			};
			name = Debug;
		};
		36426FE125863960009A8998 /* Release */ = {
			isa = XCBuildConfiguration;
			buildSettings = {
				ASSETCATALOG_COMPILER_APPICON_NAME = AppIcon;
				ASSETCATALOG_COMPILER_GLOBAL_ACCENT_COLOR_NAME = AccentColor;
				CODE_SIGN_STYLE = Automatic;
				DEVELOPMENT_TEAM = 8WGCQ8UZTW;
				INFOPLIST_FILE = ColourPicker/Info.plist;
				LD_RUNPATH_SEARCH_PATHS = (
					"$(inherited)",
					"@executable_path/Frameworks",
				);
				PRODUCT_BUNDLE_IDENTIFIER = com.maxbucknell.ColourPicker;
				PRODUCT_NAME = "$(TARGET_NAME)";
				SWIFT_VERSION = 5.0;
				TARGETED_DEVICE_FAMILY = "1,2";
			};
			name = Release;
		};
/* End XCBuildConfiguration section */

/* Begin XCConfigurationList section */
		36426FC62586395E009A8998 /* Build configuration list for PBXProject "ColourPicker" */ = {
			isa = XCConfigurationList;
			buildConfigurations = (
				36426FDD25863960009A8998 /* Debug */,
				36426FDE25863960009A8998 /* Release */,
			);
			defaultConfigurationIsVisible = 0;
			defaultConfigurationName = Release;
		};
		36426FDF25863960009A8998 /* Build configuration list for PBXNativeTarget "ColourPicker" */ = {
			isa = XCConfigurationList;
			buildConfigurations = (
				36426FE025863960009A8998 /* Debug */,
				36426FE125863960009A8998 /* Release */,
			);
			defaultConfigurationIsVisible = 0;
			defaultConfigurationName = Release;
		};
/* End XCConfigurationList section */
	};
	rootObject = 36426FC32586395E009A8998 /* Project object */;
}
